
Microsoft Visual Studio Solution File, Format Version 12.00
# Visual Studio 14
VisualStudioVersion = 14.0.23107.0
MinimumVisualStudioVersion = 10.0.40219.1
Project("{CC5FD16D-436D-48AD-A40C-5A424C6E3E79}") = "Nemrut", "Nemrut\Nemrut.ccproj", "{A56D8EA9-6FDA-41CC-8AE8-D57FFDD8D8E6}"
EndProject
Project("{FAE04EC0-301F-11D3-BF4B-00C04F79EFBC}") = "WebRole", "WebRole\WebRole.csproj", "{68DAB7F0-78A9-4CE6-AA59-FA4B00E9A194}"
EndProject
Global
	GlobalSection(SolutionConfigurationPlatforms) = preSolution
		Debug|Any CPU = Debug|Any CPU
		Release|Any CPU = Release|Any CPU
	EndGlobalSection
	GlobalSection(ProjectConfigurationPlatforms) = postSolution
		{A56D8EA9-6FDA-41CC-8AE8-D57FFDD8D8E6}.Debug|Any CPU.ActiveCfg = Debug|Any CPU
		{A56D8EA9-6FDA-41CC-8AE8-D57FFDD8D8E6}.Debug|Any CPU.Build.0 = Debug|Any CPU
		{A56D8EA9-6FDA-41CC-8AE8-D57FFDD8D8E6}.Release|Any CPU.ActiveCfg = Release|Any CPU
		{A56D8EA9-6FDA-41CC-8AE8-D57FFDD8D8E6}.Release|Any CPU.Build.0 = Release|Any CPU
		{68DAB7F0-78A9-4CE6-AA59-FA4B00E9A194}.Debug|Any CPU.ActiveCfg = Debug|Any CPU
		{68DAB7F0-78A9-4CE6-AA59-FA4B00E9A194}.Debug|Any CPU.Build.0 = Debug|Any CPU
		{68DAB7F0-78A9-4CE6-AA59-FA4B00E9A194}.Release|Any CPU.ActiveCfg = Release|Any CPU
		{68DAB7F0-78A9-4CE6-AA59-FA4B00E9A194}.Release|Any CPU.Build.0 = Release|Any CPU
	EndGlobalSection
	GlobalSection(SolutionProperties) = preSolution
		HideSolutionNode = FALSE
	EndGlobalSection
EndGlobal
